
Microsoft Visual Studio Solution File, Format Version 12.00
# Visual Studio Version 17
VisualStudioVersion = 17.4.33205.214
MinimumVisualStudioVersion = 10.0.40219.1
Project("{FAE04EC0-301F-11D3-BF4B-00C04F79EFBC}") = "BankApi", "BankApi\BankApi.csproj", "{7C3B494E-272E-4205-8D3F-C6CD1EF6756A}"
EndProject
Project("{FAE04EC0-301F-11D3-BF4B-00C04F79EFBC}") = "Entities", "Entities\Entities.csproj", "{F74D2DF1-AEDF-4305-BC5D-FDB68DCD1913}"
EndProject
Project("{FAE04EC0-301F-11D3-BF4B-00C04F79EFBC}") = "Presentation", "Presentation\Presentation.csproj", "{31584298-F6AE-4EF6-9033-912D9C3DB0DD}"
EndProject
Project("{FAE04EC0-301F-11D3-BF4B-00C04F79EFBC}") = "Services", "Services\Services.csproj", "{28D9D005-217C-45CA-8924-53449D5789AF}"
EndProject
Project("{FAE04EC0-301F-11D3-BF4B-00C04F79EFBC}") = "Repositories", "Repositories\Repositories.csproj", "{F9FD3877-9E84-4C8C-8709-B4D3F1207C49}"
EndProject
Global
	GlobalSection(SolutionConfigurationPlatforms) = preSolution
		Debug|Any CPU = Debug|Any CPU
		Release|Any CPU = Release|Any CPU
	EndGlobalSection
	GlobalSection(ProjectConfigurationPlatforms) = postSolution
		{7C3B494E-272E-4205-8D3F-C6CD1EF6756A}.Debug|Any CPU.ActiveCfg = Debug|Any CPU
		{7C3B494E-272E-4205-8D3F-C6CD1EF6756A}.Debug|Any CPU.Build.0 = Debug|Any CPU
		{7C3B494E-272E-4205-8D3F-C6CD1EF6756A}.Release|Any CPU.ActiveCfg = Release|Any CPU
		{7C3B494E-272E-4205-8D3F-C6CD1EF6756A}.Release|Any CPU.Build.0 = Release|Any CPU
		{F74D2DF1-AEDF-4305-BC5D-FDB68DCD1913}.Debug|Any CPU.ActiveCfg = Debug|Any CPU
		{F74D2DF1-AEDF-4305-BC5D-FDB68DCD1913}.Debug|Any CPU.Build.0 = Debug|Any CPU
		{F74D2DF1-AEDF-4305-BC5D-FDB68DCD1913}.Release|Any CPU.ActiveCfg = Release|Any CPU
		{F74D2DF1-AEDF-4305-BC5D-FDB68DCD1913}.Release|Any CPU.Build.0 = Release|Any CPU
		{31584298-F6AE-4EF6-9033-912D9C3DB0DD}.Debug|Any CPU.ActiveCfg = Debug|Any CPU
		{31584298-F6AE-4EF6-9033-912D9C3DB0DD}.Debug|Any CPU.Build.0 = Debug|Any CPU
		{31584298-F6AE-4EF6-9033-912D9C3DB0DD}.Release|Any CPU.ActiveCfg = Release|Any CPU
		{31584298-F6AE-4EF6-9033-912D9C3DB0DD}.Release|Any CPU.Build.0 = Release|Any CPU
		{28D9D005-217C-45CA-8924-53449D5789AF}.Debug|Any CPU.ActiveCfg = Debug|Any CPU
		{28D9D005-217C-45CA-8924-53449D5789AF}.Debug|Any CPU.Build.0 = Debug|Any CPU
		{28D9D005-217C-45CA-8924-53449D5789AF}.Release|Any CPU.ActiveCfg = Release|Any CPU
		{28D9D005-217C-45CA-8924-53449D5789AF}.Release|Any CPU.Build.0 = Release|Any CPU
		{F9FD3877-9E84-4C8C-8709-B4D3F1207C49}.Debug|Any CPU.ActiveCfg = Debug|Any CPU
		{F9FD3877-9E84-4C8C-8709-B4D3F1207C49}.Debug|Any CPU.Build.0 = Debug|Any CPU
		{F9FD3877-9E84-4C8C-8709-B4D3F1207C49}.Release|Any CPU.ActiveCfg = Release|Any CPU
		{F9FD3877-9E84-4C8C-8709-B4D3F1207C49}.Release|Any CPU.Build.0 = Release|Any CPU
	EndGlobalSection
	GlobalSection(SolutionProperties) = preSolution
		HideSolutionNode = FALSE
	EndGlobalSection
	GlobalSection(ExtensibilityGlobals) = postSolution
		SolutionGuid = {43951455-F3F4-4470-B704-A070CAEEDB02}
	EndGlobalSection
EndGlobal
